// !$*UTF8*$!
{
	archiveVersion = 1;
	classes = {
	};
	objectVersion = 46;
	objects = {

/* Begin PBXBuildFile section */
		FF34543F1ECE7CD400B97E22 /* main.m in Sources */ = {isa = PBXBuildFile; fileRef = FF34543E1ECE7CD400B97E22 /* main.m */; };
		FF3454421ECE7CD400B97E22 /* AppDelegate.m in Sources */ = {isa = PBXBuildFile; fileRef = FF3454411ECE7CD400B97E22 /* AppDelegate.m */; };
		FF3454451ECE7CD400B97E22 /* ViewController.m in Sources */ = {isa = PBXBuildFile; fileRef = FF3454441ECE7CD400B97E22 /* ViewController.m */; };
		FF3454481ECE7CD400B97E22 /* Main.storyboard in Resources */ = {isa = PBXBuildFile; fileRef = FF3454461ECE7CD400B97E22 /* Main.storyboard */; };
		FF34544A1ECE7CD400B97E22 /* Assets.xcassets in Resources */ = {isa = PBXBuildFile; fileRef = FF3454491ECE7CD400B97E22 /* Assets.xcassets */; };
		FF34544D1ECE7CD400B97E22 /* LaunchScreen.storyboard in Resources */ = {isa = PBXBuildFile; fileRef = FF34544B1ECE7CD400B97E22 /* LaunchScreen.storyboard */; };
		FF3454981ECE7D1800B97E22 /* 11.png in Resources */ = {isa = PBXBuildFile; fileRef = FF3454551ECE7D1700B97E22 /* 11.png */; };
		FF3454991ECE7D1800B97E22 /* 22.png in Resources */ = {isa = PBXBuildFile; fileRef = FF3454561ECE7D1700B97E22 /* 22.png */; };
		FF34549A1ECE7D1800B97E22 /* 33.png in Resources */ = {isa = PBXBuildFile; fileRef = FF3454571ECE7D1700B97E22 /* 33.png */; };
		FF34549B1ECE7D1800B97E22 /* 44.png in Resources */ = {isa = PBXBuildFile; fileRef = FF3454581ECE7D1700B97E22 /* 44.png */; };
		FF34549C1ECE7D1800B97E22 /* 55.png in Resources */ = {isa = PBXBuildFile; fileRef = FF3454591ECE7D1700B97E22 /* 55.png */; };
		FF34549D1ECE7D1800B97E22 /* LICENSE in Resources */ = {isa = PBXBuildFile; fileRef = FF34545B1ECE7D1700B97E22 /* LICENSE */; };
		FF34549E1ECE7D1800B97E22 /* MASCompositeConstraint.m in Sources */ = {isa = PBXBuildFile; fileRef = FF34545E1ECE7D1700B97E22 /* MASCompositeConstraint.m */; };
		FF34549F1ECE7D1800B97E22 /* MASConstraint.m in Sources */ = {isa = PBXBuildFile; fileRef = FF3454611ECE7D1700B97E22 /* MASConstraint.m */; };
		FF3454A01ECE7D1800B97E22 /* MASConstraintMaker.m in Sources */ = {isa = PBXBuildFile; fileRef = FF3454631ECE7D1700B97E22 /* MASConstraintMaker.m */; };
		FF3454A11ECE7D1800B97E22 /* MASLayoutConstraint.m in Sources */ = {isa = PBXBuildFile; fileRef = FF3454651ECE7D1700B97E22 /* MASLayoutConstraint.m */; };
		FF3454A21ECE7D1800B97E22 /* MASViewAttribute.m in Sources */ = {isa = PBXBuildFile; fileRef = FF3454691ECE7D1700B97E22 /* MASViewAttribute.m */; };
		FF3454A31ECE7D1800B97E22 /* MASViewConstraint.m in Sources */ = {isa = PBXBuildFile; fileRef = FF34546B1ECE7D1700B97E22 /* MASViewConstraint.m */; };
		FF3454A41ECE7D1800B97E22 /* NSArray+MASAdditions.m in Sources */ = {isa = PBXBuildFile; fileRef = FF34546D1ECE7D1700B97E22 /* NSArray+MASAdditions.m */; };
		FF3454A51ECE7D1800B97E22 /* NSLayoutConstraint+MASDebugAdditions.m in Sources */ = {isa = PBXBuildFile; fileRef = FF3454701ECE7D1700B97E22 /* NSLayoutConstraint+MASDebugAdditions.m */; };
		FF3454A61ECE7D1800B97E22 /* View+MASAdditions.m in Sources */ = {isa = PBXBuildFile; fileRef = FF3454721ECE7D1700B97E22 /* View+MASAdditions.m */; };
		FF3454A71ECE7D1800B97E22 /* ViewController+MASAdditions.m in Sources */ = {isa = PBXBuildFile; fileRef = FF3454751ECE7D1700B97E22 /* ViewController+MASAdditions.m */; };
		FF3454A81ECE7D1800B97E22 /* README.md in Sources */ = {isa = PBXBuildFile; fileRef = FF3454761ECE7D1700B97E22 /* README.md */; };
		FF3454A91ECE7D1800B97E22 /* LICENSE in Resources */ = {isa = PBXBuildFile; fileRef = FF3454781ECE7D1800B97E22 /* LICENSE */; };
		FF3454AA1ECE7D1800B97E22 /* README.md in Sources */ = {isa = PBXBuildFile; fileRef = FF3454791ECE7D1800B97E22 /* README.md */; };
		FF3454AB1ECE7D1800B97E22 /* NSData+ImageContentType.m in Sources */ = {isa = PBXBuildFile; fileRef = FF34547C1ECE7D1800B97E22 /* NSData+ImageContentType.m */; };
		FF3454AC1ECE7D1800B97E22 /* SDImageCache.m in Sources */ = {isa = PBXBuildFile; fileRef = FF34547E1ECE7D1800B97E22 /* SDImageCache.m */; };
		FF3454AD1ECE7D1800B97E22 /* SDWebImageCompat.m in Sources */ = {isa = PBXBuildFile; fileRef = FF3454801ECE7D1800B97E22 /* SDWebImageCompat.m */; };
		FF3454AE1ECE7D1800B97E22 /* SDWebImageDecoder.m in Sources */ = {isa = PBXBuildFile; fileRef = FF3454821ECE7D1800B97E22 /* SDWebImageDecoder.m */; };
		FF3454AF1ECE7D1800B97E22 /* SDWebImageDownloader.m in Sources */ = {isa = PBXBuildFile; fileRef = FF3454841ECE7D1800B97E22 /* SDWebImageDownloader.m */; };
		FF3454B01ECE7D1800B97E22 /* SDWebImageDownloaderOperation.m in Sources */ = {isa = PBXBuildFile; fileRef = FF3454861ECE7D1800B97E22 /* SDWebImageDownloaderOperation.m */; };
		FF3454B11ECE7D1800B97E22 /* SDWebImageManager.m in Sources */ = {isa = PBXBuildFile; fileRef = FF3454881ECE7D1800B97E22 /* SDWebImageManager.m */; };
		FF3454B21ECE7D1800B97E22 /* SDWebImagePrefetcher.m in Sources */ = {isa = PBXBuildFile; fileRef = FF34548B1ECE7D1800B97E22 /* SDWebImagePrefetcher.m */; };
		FF3454B31ECE7D1800B97E22 /* UIButton+WebCache.m in Sources */ = {isa = PBXBuildFile; fileRef = FF34548D1ECE7D1800B97E22 /* UIButton+WebCache.m */; };
		FF3454B41ECE7D1800B97E22 /* UIImage+GIF.m in Sources */ = {isa = PBXBuildFile; fileRef = FF34548F1ECE7D1800B97E22 /* UIImage+GIF.m */; };
		FF3454B51ECE7D1800B97E22 /* UIImage+MultiFormat.m in Sources */ = {isa = PBXBuildFile; fileRef = FF3454911ECE7D1800B97E22 /* UIImage+MultiFormat.m */; };
		FF3454B61ECE7D1800B97E22 /* UIImageView+HighlightedWebCache.m in Sources */ = {isa = PBXBuildFile; fileRef = FF3454931ECE7D1800B97E22 /* UIImageView+HighlightedWebCache.m */; };
		FF3454B71ECE7D1800B97E22 /* UIImageView+WebCache.m in Sources */ = {isa = PBXBuildFile; fileRef = FF3454951ECE7D1800B97E22 /* UIImageView+WebCache.m */; };
		FF3454B81ECE7D1800B97E22 /* UIView+WebCacheOperation.m in Sources */ = {isa = PBXBuildFile; fileRef = FF3454971ECE7D1800B97E22 /* UIView+WebCacheOperation.m */; };
		FF3454BB1ECE7D2300B97E22 /* CustomRecycleScrollView.m in Sources */ = {isa = PBXBuildFile; fileRef = FF3454BA1ECE7D2300B97E22 /* CustomRecycleScrollView.m */; };
/* End PBXBuildFile section */

/* Begin PBXFileReference section */
		FF34543A1ECE7CD400B97E22 /* RecycleScrollView.app */ = {isa = PBXFileReference; explicitFileType = wrapper.application; includeInIndex = 0; path = RecycleScrollView.app; sourceTree = BUILT_PRODUCTS_DIR; };
		FF34543E1ECE7CD400B97E22 /* main.m */ = {isa = PBXFileReference; lastKnownFileType = sourcecode.c.objc; path = main.m; sourceTree = "<group>"; };
		FF3454401ECE7CD400B97E22 /* AppDelegate.h */ = {isa = PBXFileReference; lastKnownFileType = sourcecode.c.h; path = AppDelegate.h; sourceTree = "<group>"; };
		FF3454411ECE7CD400B97E22 /* AppDelegate.m */ = {isa = PBXFileReference; lastKnownFileType = sourcecode.c.objc; path = AppDelegate.m; sourceTree = "<group>"; };
		FF3454431ECE7CD400B97E22 /* ViewController.h */ = {isa = PBXFileReference; lastKnownFileType = sourcecode.c.h; path = ViewController.h; sourceTree = "<group>"; };
		FF3454441ECE7CD400B97E22 /* ViewController.m */ = {isa = PBXFileReference; lastKnownFileType = sourcecode.c.objc; path = ViewController.m; sourceTree = "<group>"; };
		FF3454471ECE7CD400B97E22 /* Base */ = {isa = PBXFileReference; lastKnownFileType = file.storyboard; name = Base; path = Base.lproj/Main.storyboard; sourceTree = "<group>"; };
		FF3454491ECE7CD400B97E22 /* Assets.xcassets */ = {isa = PBXFileReference; lastKnownFileType = folder.assetcatalog; path = Assets.xcassets; sourceTree = "<group>"; };
		FF34544C1ECE7CD400B97E22 /* Base */ = {isa = PBXFileReference; lastKnownFileType = file.storyboard; name = Base; path = Base.lproj/LaunchScreen.storyboard; sourceTree = "<group>"; };
		FF34544E1ECE7CD400B97E22 /* Info.plist */ = {isa = PBXFileReference; lastKnownFileType = text.plist.xml; path = Info.plist; sourceTree = "<group>"; };
		FF3454551ECE7D1700B97E22 /* 11.png */ = {isa = PBXFileReference; lastKnownFileType = image.png; path = 11.png; sourceTree = "<group>"; };
		FF3454561ECE7D1700B97E22 /* 22.png */ = {isa = PBXFileReference; lastKnownFileType = image.png; path = 22.png; sourceTree = "<group>"; };
		FF3454571ECE7D1700B97E22 /* 33.png */ = {isa = PBXFileReference; lastKnownFileType = image.png; path = 33.png; sourceTree = "<group>"; };
		FF3454581ECE7D1700B97E22 /* 44.png */ = {isa = PBXFileReference; lastKnownFileType = image.png; path = 44.png; sourceTree = "<group>"; };
		FF3454591ECE7D1700B97E22 /* 55.png */ = {isa = PBXFileReference; lastKnownFileType = image.png; path = 55.png; sourceTree = "<group>"; };
		FF34545B1ECE7D1700B97E22 /* LICENSE */ = {isa = PBXFileReference; fileEncoding = 4; lastKnownFileType = text; path = LICENSE; sourceTree = "<group>"; };
		FF34545D1ECE7D1700B97E22 /* MASCompositeConstraint.h */ = {isa = PBXFileReference; fileEncoding = 4; lastKnownFileType = sourcecode.c.h; path = MASCompositeConstraint.h; sourceTree = "<group>"; };
		FF34545E1ECE7D1700B97E22 /* MASCompositeConstraint.m */ = {isa = PBXFileReference; fileEncoding = 4; lastKnownFileType = sourcecode.c.objc; path = MASCompositeConstraint.m; sourceTree = "<group>"; };
		FF34545F1ECE7D1700B97E22 /* MASConstraint+Private.h */ = {isa = PBXFileReference; fileEncoding = 4; lastKnownFileType = sourcecode.c.h; path = "MASConstraint+Private.h"; sourceTree = "<group>"; };
		FF3454601ECE7D1700B97E22 /* MASConstraint.h */ = {isa = PBXFileReference; fileEncoding = 4; lastKnownFileType = sourcecode.c.h; path = MASConstraint.h; sourceTree = "<group>"; };
		FF3454611ECE7D1700B97E22 /* MASConstraint.m */ = {isa = PBXFileReference; fileEncoding = 4; lastKnownFileType = sourcecode.c.objc; path = MASConstraint.m; sourceTree = "<group>"; };
		FF3454621ECE7D1700B97E22 /* MASConstraintMaker.h */ = {isa = PBXFileReference; fileEncoding = 4; lastKnownFileType = sourcecode.c.h; path = MASConstraintMaker.h; sourceTree = "<group>"; };
		FF3454631ECE7D1700B97E22 /* MASConstraintMaker.m */ = {isa = PBXFileReference; fileEncoding = 4; lastKnownFileType = sourcecode.c.objc; path = MASConstraintMaker.m; sourceTree = "<group>"; };
		FF3454641ECE7D1700B97E22 /* MASLayoutConstraint.h */ = {isa = PBXFileReference; fileEncoding = 4; lastKnownFileType = sourcecode.c.h; path = MASLayoutConstraint.h; sourceTree = "<group>"; };
		FF3454651ECE7D1700B97E22 /* MASLayoutConstraint.m */ = {isa = PBXFileReference; fileEncoding = 4; lastKnownFileType = sourcecode.c.objc; path = MASLayoutConstraint.m; sourceTree = "<group>"; };
		FF3454661ECE7D1700B97E22 /* Masonry.h */ = {isa = PBXFileReference; fileEncoding = 4; lastKnownFileType = sourcecode.c.h; path = Masonry.h; sourceTree = "<group>"; };
		FF3454671ECE7D1700B97E22 /* MASUtilities.h */ = {isa = PBXFileReference; fileEncoding = 4; lastKnownFileType = sourcecode.c.h; path = MASUtilities.h; sourceTree = "<group>"; };
		FF3454681ECE7D1700B97E22 /* MASViewAttribute.h */ = {isa = PBXFileReference; fileEncoding = 4; lastKnownFileType = sourcecode.c.h; path = MASViewAttribute.h; sourceTree = "<group>"; };
		FF3454691ECE7D1700B97E22 /* MASViewAttribute.m */ = {isa = PBXFileReference; fileEncoding = 4; lastKnownFileType = sourcecode.c.objc; path = MASViewAttribute.m; sourceTree = "<group>"; };
		FF34546A1ECE7D1700B97E22 /* MASViewConstraint.h */ = {isa = PBXFileReference; fileEncoding = 4; lastKnownFileType = sourcecode.c.h; path = MASViewConstraint.h; sourceTree = "<group>"; };
		FF34546B1ECE7D1700B97E22 /* MASViewConstraint.m */ = {isa = PBXFileReference; fileEncoding = 4; lastKnownFileType = sourcecode.c.objc; path = MASViewConstraint.m; sourceTree = "<group>"; };
		FF34546C1ECE7D1700B97E22 /* NSArray+MASAdditions.h */ = {isa = PBXFileReference; fileEncoding = 4; lastKnownFileType = sourcecode.c.h; path = "NSArray+MASAdditions.h"; sourceTree = "<group>"; };
		FF34546D1ECE7D1700B97E22 /* NSArray+MASAdditions.m */ = {isa = PBXFileReference; fileEncoding = 4; lastKnownFileType = sourcecode.c.objc; path = "NSArray+MASAdditions.m"; sourceTree = "<group>"; };
		FF34546E1ECE7D1700B97E22 /* NSArray+MASShorthandAdditions.h */ = {isa = PBXFileReference; fileEncoding = 4; lastKnownFileType = sourcecode.c.h; path = "NSArray+MASShorthandAdditions.h"; sourceTree = "<group>"; };
		FF34546F1ECE7D1700B97E22 /* NSLayoutConstraint+MASDebugAdditions.h */ = {isa = PBXFileReference; fileEncoding = 4; lastKnownFileType = sourcecode.c.h; path = "NSLayoutConstraint+MASDebugAdditions.h"; sourceTree = "<group>"; };
		FF3454701ECE7D1700B97E22 /* NSLayoutConstraint+MASDebugAdditions.m */ = {isa = PBXFileReference; fileEncoding = 4; lastKnownFileType = sourcecode.c.objc; path = "NSLayoutConstraint+MASDebugAdditions.m"; sourceTree = "<group>"; };
		FF3454711ECE7D1700B97E22 /* View+MASAdditions.h */ = {isa = PBXFileReference; fileEncoding = 4; lastKnownFileType = sourcecode.c.h; path = "View+MASAdditions.h"; sourceTree = "<group>"; };
		FF3454721ECE7D1700B97E22 /* View+MASAdditions.m */ = {isa = PBXFileReference; fileEncoding = 4; lastKnownFileType = sourcecode.c.objc; path = "View+MASAdditions.m"; sourceTree = "<group>"; };
		FF3454731ECE7D1700B97E22 /* View+MASShorthandAdditions.h */ = {isa = PBXFileReference; fileEncoding = 4; lastKnownFileType = sourcecode.c.h; path = "View+MASShorthandAdditions.h"; sourceTree = "<group>"; };
		FF3454741ECE7D1700B97E22 /* ViewController+MASAdditions.h */ = {isa = PBXFileReference; fileEncoding = 4; lastKnownFileType = sourcecode.c.h; path = "ViewController+MASAdditions.h"; sourceTree = "<group>"; };
		FF3454751ECE7D1700B97E22 /* ViewController+MASAdditions.m */ = {isa = PBXFileReference; fileEncoding = 4; lastKnownFileType = sourcecode.c.objc; path = "ViewController+MASAdditions.m"; sourceTree = "<group>"; };
		FF3454761ECE7D1700B97E22 /* README.md */ = {isa = PBXFileReference; fileEncoding = 4; lastKnownFileType = net.daringfireball.markdown; path = README.md; sourceTree = "<group>"; };
		FF3454781ECE7D1800B97E22 /* LICENSE */ = {isa = PBXFileReference; fileEncoding = 4; lastKnownFileType = text; path = LICENSE; sourceTree = "<group>"; };
		FF3454791ECE7D1800B97E22 /* README.md */ = {isa = PBXFileReference; fileEncoding = 4; lastKnownFileType = net.daringfireball.markdown; path = README.md; sourceTree = "<group>"; };
		FF34547B1ECE7D1800B97E22 /* NSData+ImageContentType.h */ = {isa = PBXFileReference; fileEncoding = 4; lastKnownFileType = sourcecode.c.h; path = "NSData+ImageContentType.h"; sourceTree = "<group>"; };
		FF34547C1ECE7D1800B97E22 /* NSData+ImageContentType.m */ = {isa = PBXFileReference; fileEncoding = 4; lastKnownFileType = sourcecode.c.objc; path = "NSData+ImageContentType.m"; sourceTree = "<group>"; };
		FF34547D1ECE7D1800B97E22 /* SDImageCache.h */ = {isa = PBXFileReference; fileEncoding = 4; lastKnownFileType = sourcecode.c.h; path = SDImageCache.h; sourceTree = "<group>"; };
		FF34547E1ECE7D1800B97E22 /* SDImageCache.m */ = {isa = PBXFileReference; fileEncoding = 4; lastKnownFileType = sourcecode.c.objc; path = SDImageCache.m; sourceTree = "<group>"; };
		FF34547F1ECE7D1800B97E22 /* SDWebImageCompat.h */ = {isa = PBXFileReference; fileEncoding = 4; lastKnownFileType = sourcecode.c.h; path = SDWebImageCompat.h; sourceTree = "<group>"; };
		FF3454801ECE7D1800B97E22 /* SDWebImageCompat.m */ = {isa = PBXFileReference; fileEncoding = 4; lastKnownFileType = sourcecode.c.objc; path = SDWebImageCompat.m; sourceTree = "<group>"; };
		FF3454811ECE7D1800B97E22 /* SDWebImageDecoder.h */ = {isa = PBXFileReference; fileEncoding = 4; lastKnownFileType = sourcecode.c.h; path = SDWebImageDecoder.h; sourceTree = "<group>"; };
		FF3454821ECE7D1800B97E22 /* SDWebImageDecoder.m */ = {isa = PBXFileReference; fileEncoding = 4; lastKnownFileType = sourcecode.c.objc; path = SDWebImageDecoder.m; sourceTree = "<group>"; };
		FF3454831ECE7D1800B97E22 /* SDWebImageDownloader.h */ = {isa = PBXFileReference; fileEncoding = 4; lastKnownFileType = sourcecode.c.h; path = SDWebImageDownloader.h; sourceTree = "<group>"; };
		FF3454841ECE7D1800B97E22 /* SDWebImageDownloader.m */ = {isa = PBXFileReference; fileEncoding = 4; lastKnownFileType = sourcecode.c.objc; path = SDWebImageDownloader.m; sourceTree = "<group>"; };
		FF3454851ECE7D1800B97E22 /* SDWebImageDownloaderOperation.h */ = {isa = PBXFileReference; fileEncoding = 4; lastKnownFileType = sourcecode.c.h; path = SDWebImageDownloaderOperation.h; sourceTree = "<group>"; };
		FF3454861ECE7D1800B97E22 /* SDWebImageDownloaderOperation.m */ = {isa = PBXFileReference; fileEncoding = 4; lastKnownFileType = sourcecode.c.objc; path = SDWebImageDownloaderOperation.m; sourceTree = "<group>"; };
		FF3454871ECE7D1800B97E22 /* SDWebImageManager.h */ = {isa = PBXFileReference; fileEncoding = 4; lastKnownFileType = sourcecode.c.h; path = SDWebImageManager.h; sourceTree = "<group>"; };
		FF3454881ECE7D1800B97E22 /* SDWebImageManager.m */ = {isa = PBXFileReference; fileEncoding = 4; lastKnownFileType = sourcecode.c.objc; path = SDWebImageManager.m; sourceTree = "<group>"; };
		FF3454891ECE7D1800B97E22 /* SDWebImageOperation.h */ = {isa = PBXFileReference; fileEncoding = 4; lastKnownFileType = sourcecode.c.h; path = SDWebImageOperation.h; sourceTree = "<group>"; };
		FF34548A1ECE7D1800B97E22 /* SDWebImagePrefetcher.h */ = {isa = PBXFileReference; fileEncoding = 4; lastKnownFileType = sourcecode.c.h; path = SDWebImagePrefetcher.h; sourceTree = "<group>"; };
		FF34548B1ECE7D1800B97E22 /* SDWebImagePrefetcher.m */ = {isa = PBXFileReference; fileEncoding = 4; lastKnownFileType = sourcecode.c.objc; path = SDWebImagePrefetcher.m; sourceTree = "<group>"; };
		FF34548C1ECE7D1800B97E22 /* UIButton+WebCache.h */ = {isa = PBXFileReference; fileEncoding = 4; lastKnownFileType = sourcecode.c.h; path = "UIButton+WebCache.h"; sourceTree = "<group>"; };
		FF34548D1ECE7D1800B97E22 /* UIButton+WebCache.m */ = {isa = PBXFileReference; fileEncoding = 4; lastKnownFileType = sourcecode.c.objc; path = "UIButton+WebCache.m"; sourceTree = "<group>"; };
		FF34548E1ECE7D1800B97E22 /* UIImage+GIF.h */ = {isa = PBXFileReference; fileEncoding = 4; lastKnownFileType = sourcecode.c.h; path = "UIImage+GIF.h"; sourceTree = "<group>"; };
		FF34548F1ECE7D1800B97E22 /* UIImage+GIF.m */ = {isa = PBXFileReference; fileEncoding = 4; lastKnownFileType = sourcecode.c.objc; path = "UIImage+GIF.m"; sourceTree = "<group>"; };
		FF3454901ECE7D1800B97E22 /* UIImage+MultiFormat.h */ = {isa = PBXFileReference; fileEncoding = 4; lastKnownFileType = sourcecode.c.h; path = "UIImage+MultiFormat.h"; sourceTree = "<group>"; };
		FF3454911ECE7D1800B97E22 /* UIImage+MultiFormat.m */ = {isa = PBXFileReference; fileEncoding = 4; lastKnownFileType = sourcecode.c.objc; path = "UIImage+MultiFormat.m"; sourceTree = "<group>"; };
		FF3454921ECE7D1800B97E22 /* UIImageView+HighlightedWebCache.h */ = {isa = PBXFileReference; fileEncoding = 4; lastKnownFileType = sourcecode.c.h; path = "UIImageView+HighlightedWebCache.h"; sourceTree = "<group>"; };
		FF3454931ECE7D1800B97E22 /* UIImageView+HighlightedWebCache.m */ = {isa = PBXFileReference; fileEncoding = 4; lastKnownFileType = sourcecode.c.objc; path = "UIImageView+HighlightedWebCache.m"; sourceTree = "<group>"; };
		FF3454941ECE7D1800B97E22 /* UIImageView+WebCache.h */ = {isa = PBXFileReference; fileEncoding = 4; lastKnownFileType = sourcecode.c.h; path = "UIImageView+WebCache.h"; sourceTree = "<group>"; };
		FF3454951ECE7D1800B97E22 /* UIImageView+WebCache.m */ = {isa = PBXFileReference; fileEncoding = 4; lastKnownFileType = sourcecode.c.objc; path = "UIImageView+WebCache.m"; sourceTree = "<group>"; };
		FF3454961ECE7D1800B97E22 /* UIView+WebCacheOperation.h */ = {isa = PBXFileReference; fileEncoding = 4; lastKnownFileType = sourcecode.c.h; path = "UIView+WebCacheOperation.h"; sourceTree = "<group>"; };
		FF3454971ECE7D1800B97E22 /* UIView+WebCacheOperation.m */ = {isa = PBXFileReference; fileEncoding = 4; lastKnownFileType = sourcecode.c.objc; path = "UIView+WebCacheOperation.m"; sourceTree = "<group>"; };
		FF3454B91ECE7D2300B97E22 /* CustomRecycleScrollView.h */ = {isa = PBXFileReference; fileEncoding = 4; lastKnownFileType = sourcecode.c.h; path = CustomRecycleScrollView.h; sourceTree = "<group>"; };
		FF3454BA1ECE7D2300B97E22 /* CustomRecycleScrollView.m */ = {isa = PBXFileReference; fileEncoding = 4; lastKnownFileType = sourcecode.c.objc; path = CustomRecycleScrollView.m; sourceTree = "<group>"; };
/* End PBXFileReference section */

/* Begin PBXFrameworksBuildPhase section */
		FF3454371ECE7CD400B97E22 /* Frameworks */ = {
			isa = PBXFrameworksBuildPhase;
			buildActionMask = 2147483647;
			files = (
			);
			runOnlyForDeploymentPostprocessing = 0;
		};
/* End PBXFrameworksBuildPhase section */

/* Begin PBXGroup section */
		FF3454311ECE7CD400B97E22 = {
			isa = PBXGroup;
			children = (
				FF34543C1ECE7CD400B97E22 /* RecycleScrollView */,
				FF34543B1ECE7CD400B97E22 /* Products */,
			);
			sourceTree = "<group>";
		};
		FF34543B1ECE7CD400B97E22 /* Products */ = {
			isa = PBXGroup;
			children = (
				FF34543A1ECE7CD400B97E22 /* RecycleScrollView.app */,
			);
			name = Products;
			sourceTree = "<group>";
		};
		FF34543C1ECE7CD400B97E22 /* RecycleScrollView */ = {
			isa = PBXGroup;
			children = (
				FF3454541ECE7D1700B97E22 /* imageSave */,
				FF34545A1ECE7D1700B97E22 /* Masonry */,
				FF3454771ECE7D1700B97E22 /* SDWebImage */,
				FF3454401ECE7CD400B97E22 /* AppDelegate.h */,
				FF3454411ECE7CD400B97E22 /* AppDelegate.m */,
				FF3454431ECE7CD400B97E22 /* ViewController.h */,
				FF3454441ECE7CD400B97E22 /* ViewController.m */,
				FF3454B91ECE7D2300B97E22 /* CustomRecycleScrollView.h */,
				FF3454BA1ECE7D2300B97E22 /* CustomRecycleScrollView.m */,
				FF3454461ECE7CD400B97E22 /* Main.storyboard */,
				FF3454491ECE7CD400B97E22 /* Assets.xcassets */,
				FF34544B1ECE7CD400B97E22 /* LaunchScreen.storyboard */,
				FF34544E1ECE7CD400B97E22 /* Info.plist */,
				FF34543D1ECE7CD400B97E22 /* Supporting Files */,
			);
			path = RecycleScrollView;
			sourceTree = "<group>";
		};
		FF34543D1ECE7CD400B97E22 /* Supporting Files */ = {
			isa = PBXGroup;
			children = (
				FF34543E1ECE7CD400B97E22 /* main.m */,
			);
			name = "Supporting Files";
			sourceTree = "<group>";
		};
		FF3454541ECE7D1700B97E22 /* imageSave */ = {
			isa = PBXGroup;
			children = (
				FF3454551ECE7D1700B97E22 /* 11.png */,
				FF3454561ECE7D1700B97E22 /* 22.png */,
				FF3454571ECE7D1700B97E22 /* 33.png */,
				FF3454581ECE7D1700B97E22 /* 44.png */,
				FF3454591ECE7D1700B97E22 /* 55.png */,
			);
			path = imageSave;
			sourceTree = "<group>";
		};
		FF34545A1ECE7D1700B97E22 /* Masonry */ = {
			isa = PBXGroup;
			children = (
				FF34545B1ECE7D1700B97E22 /* LICENSE */,
				FF34545C1ECE7D1700B97E22 /* Masonry */,
				FF3454761ECE7D1700B97E22 /* README.md */,
			);
			path = Masonry;
			sourceTree = "<group>";
		};
		FF34545C1ECE7D1700B97E22 /* Masonry */ = {
			isa = PBXGroup;
			children = (
				FF34545D1ECE7D1700B97E22 /* MASCompositeConstraint.h */,
				FF34545E1ECE7D1700B97E22 /* MASCompositeConstraint.m */,
				FF34545F1ECE7D1700B97E22 /* MASConstraint+Private.h */,
				FF3454601ECE7D1700B97E22 /* MASConstraint.h */,
				FF3454611ECE7D1700B97E22 /* MASConstraint.m */,
				FF3454621ECE7D1700B97E22 /* MASConstraintMaker.h */,
				FF3454631ECE7D1700B97E22 /* MASConstraintMaker.m */,
				FF3454641ECE7D1700B97E22 /* MASLayoutConstraint.h */,
				FF3454651ECE7D1700B97E22 /* MASLayoutConstraint.m */,
				FF3454661ECE7D1700B97E22 /* Masonry.h */,
				FF3454671ECE7D1700B97E22 /* MASUtilities.h */,
				FF3454681ECE7D1700B97E22 /* MASViewAttribute.h */,
				FF3454691ECE7D1700B97E22 /* MASViewAttribute.m */,
				FF34546A1ECE7D1700B97E22 /* MASViewConstraint.h */,
				FF34546B1ECE7D1700B97E22 /* MASViewConstraint.m */,
				FF34546C1ECE7D1700B97E22 /* NSArray+MASAdditions.h */,
				FF34546D1ECE7D1700B97E22 /* NSArray+MASAdditions.m */,
				FF34546E1ECE7D1700B97E22 /* NSArray+MASShorthandAdditions.h */,
				FF34546F1ECE7D1700B97E22 /* NSLayoutConstraint+MASDebugAdditions.h */,
				FF3454701ECE7D1700B97E22 /* NSLayoutConstraint+MASDebugAdditions.m */,
				FF3454711ECE7D1700B97E22 /* View+MASAdditions.h */,
				FF3454721ECE7D1700B97E22 /* View+MASAdditions.m */,
				FF3454731ECE7D1700B97E22 /* View+MASShorthandAdditions.h */,
				FF3454741ECE7D1700B97E22 /* ViewController+MASAdditions.h */,
				FF3454751ECE7D1700B97E22 /* ViewController+MASAdditions.m */,
			);
			path = Masonry;
			sourceTree = "<group>";
		};
		FF3454771ECE7D1700B97E22 /* SDWebImage */ = {
			isa = PBXGroup;
			children = (
				FF3454781ECE7D1800B97E22 /* LICENSE */,
				FF3454791ECE7D1800B97E22 /* README.md */,
				FF34547A1ECE7D1800B97E22 /* SDWebImage */,
			);
			path = SDWebImage;
			sourceTree = "<group>";
		};
		FF34547A1ECE7D1800B97E22 /* SDWebImage */ = {
			isa = PBXGroup;
			children = (
				FF34547B1ECE7D1800B97E22 /* NSData+ImageContentType.h */,
				FF34547C1ECE7D1800B97E22 /* NSData+ImageContentType.m */,
				FF34547D1ECE7D1800B97E22 /* SDImageCache.h */,
				FF34547E1ECE7D1800B97E22 /* SDImageCache.m */,
				FF34547F1ECE7D1800B97E22 /* SDWebImageCompat.h */,
				FF3454801ECE7D1800B97E22 /* SDWebImageCompat.m */,
				FF3454811ECE7D1800B97E22 /* SDWebImageDecoder.h */,
				FF3454821ECE7D1800B97E22 /* SDWebImageDecoder.m */,
				FF3454831ECE7D1800B97E22 /* SDWebImageDownloader.h */,
				FF3454841ECE7D1800B97E22 /* SDWebImageDownloader.m */,
				FF3454851ECE7D1800B97E22 /* SDWebImageDownloaderOperation.h */,
				FF3454861ECE7D1800B97E22 /* SDWebImageDownloaderOperation.m */,
				FF3454871ECE7D1800B97E22 /* SDWebImageManager.h */,
				FF3454881ECE7D1800B97E22 /* SDWebImageManager.m */,
				FF3454891ECE7D1800B97E22 /* SDWebImageOperation.h */,
				FF34548A1ECE7D1800B97E22 /* SDWebImagePrefetcher.h */,
				FF34548B1ECE7D1800B97E22 /* SDWebImagePrefetcher.m */,
				FF34548C1ECE7D1800B97E22 /* UIButton+WebCache.h */,
				FF34548D1ECE7D1800B97E22 /* UIButton+WebCache.m */,
				FF34548E1ECE7D1800B97E22 /* UIImage+GIF.h */,
				FF34548F1ECE7D1800B97E22 /* UIImage+GIF.m */,
				FF3454901ECE7D1800B97E22 /* UIImage+MultiFormat.h */,
				FF3454911ECE7D1800B97E22 /* UIImage+MultiFormat.m */,
				FF3454921ECE7D1800B97E22 /* UIImageView+HighlightedWebCache.h */,
				FF3454931ECE7D1800B97E22 /* UIImageView+HighlightedWebCache.m */,
				FF3454941ECE7D1800B97E22 /* UIImageView+WebCache.h */,
				FF3454951ECE7D1800B97E22 /* UIImageView+WebCache.m */,
				FF3454961ECE7D1800B97E22 /* UIView+WebCacheOperation.h */,
				FF3454971ECE7D1800B97E22 /* UIView+WebCacheOperation.m */,
			);
			path = SDWebImage;
			sourceTree = "<group>";
		};
/* End PBXGroup section */

/* Begin PBXNativeTarget section */
		FF3454391ECE7CD400B97E22 /* RecycleScrollView */ = {
			isa = PBXNativeTarget;
			buildConfigurationList = FF3454511ECE7CD400B97E22 /* Build configuration list for PBXNativeTarget "RecycleScrollView" */;
			buildPhases = (
				FF3454361ECE7CD400B97E22 /* Sources */,
				FF3454371ECE7CD400B97E22 /* Frameworks */,
				FF3454381ECE7CD400B97E22 /* Resources */,
			);
			buildRules = (
			);
			dependencies = (
			);
			name = RecycleScrollView;
			productName = RecycleScrollView;
			productReference = FF34543A1ECE7CD400B97E22 /* RecycleScrollView.app */;
			productType = "com.apple.product-type.application";
		};
/* End PBXNativeTarget section */

/* Begin PBXProject section */
		FF3454321ECE7CD400B97E22 /* Project object */ = {
			isa = PBXProject;
			attributes = {
				LastUpgradeCheck = 0830;
				ORGANIZATIONNAME = "王建邦";
				TargetAttributes = {
					FF3454391ECE7CD400B97E22 = {
						CreatedOnToolsVersion = 8.3.1;
						ProvisioningStyle = Automatic;
					};
				};
			};
			buildConfigurationList = FF3454351ECE7CD400B97E22 /* Build configuration list for PBXProject "RecycleScrollView" */;
			compatibilityVersion = "Xcode 3.2";
			developmentRegion = English;
			hasScannedForEncodings = 0;
			knownRegions = (
				en,
				Base,
			);
			mainGroup = FF3454311ECE7CD400B97E22;
			productRefGroup = FF34543B1ECE7CD400B97E22 /* Products */;
			projectDirPath = "";
			projectRoot = "";
			targets = (
				FF3454391ECE7CD400B97E22 /* RecycleScrollView */,
			);
		};
/* End PBXProject section */

/* Begin PBXResourcesBuildPhase section */
		FF3454381ECE7CD400B97E22 /* Resources */ = {
			isa = PBXResourcesBuildPhase;
			buildActionMask = 2147483647;
			files = (
				FF34549B1ECE7D1800B97E22 /* 44.png in Resources */,
				FF3454991ECE7D1800B97E22 /* 22.png in Resources */,
				FF34549A1ECE7D1800B97E22 /* 33.png in Resources */,
				FF34549C1ECE7D1800B97E22 /* 55.png in Resources */,
				FF3454A91ECE7D1800B97E22 /* LICENSE in Resources */,
				FF34544D1ECE7CD400B97E22 /* LaunchScreen.storyboard in Resources */,
				FF34544A1ECE7CD400B97E22 /* Assets.xcassets in Resources */,
				FF34549D1ECE7D1800B97E22 /* LICENSE in Resources */,
				FF3454481ECE7CD400B97E22 /* Main.storyboard in Resources */,
				FF3454981ECE7D1800B97E22 /* 11.png in Resources */,
			);
			runOnlyForDeploymentPostprocessing = 0;
		};
/* End PBXResourcesBuildPhase section */

/* Begin PBXSourcesBuildPhase section */
		FF3454361ECE7CD400B97E22 /* Sources */ = {
			isa = PBXSourcesBuildPhase;
			buildActionMask = 2147483647;
			files = (
				FF3454B51ECE7D1800B97E22 /* UIImage+MultiFormat.m in Sources */,
				FF3454A51ECE7D1800B97E22 /* NSLayoutConstraint+MASDebugAdditions.m in Sources */,
				FF3454B11ECE7D1800B97E22 /* SDWebImageManager.m in Sources */,
				FF3454A31ECE7D1800B97E22 /* MASViewConstraint.m in Sources */,
				FF34549E1ECE7D1800B97E22 /* MASCompositeConstraint.m in Sources */,
				FF3454A41ECE7D1800B97E22 /* NSArray+MASAdditions.m in Sources */,
				FF3454AF1ECE7D1800B97E22 /* SDWebImageDownloader.m in Sources */,
				FF3454451ECE7CD400B97E22 /* ViewController.m in Sources */,
				FF3454421ECE7CD400B97E22 /* AppDelegate.m in Sources */,
				FF3454A11ECE7D1800B97E22 /* MASLayoutConstraint.m in Sources */,
				FF34543F1ECE7CD400B97E22 /* main.m in Sources */,
				FF3454A71ECE7D1800B97E22 /* ViewController+MASAdditions.m in Sources */,
				FF3454A61ECE7D1800B97E22 /* View+MASAdditions.m in Sources */,
				FF3454AB1ECE7D1800B97E22 /* NSData+ImageContentType.m in Sources */,
				FF3454BB1ECE7D2300B97E22 /* CustomRecycleScrollView.m in Sources */,
				FF3454B41ECE7D1800B97E22 /* UIImage+GIF.m in Sources */,
				FF3454B31ECE7D1800B97E22 /* UIButton+WebCache.m in Sources */,
				FF3454A81ECE7D1800B97E22 /* README.md in Sources */,
				FF3454B21ECE7D1800B97E22 /* SDWebImagePrefetcher.m in Sources */,
				FF3454B71ECE7D1800B97E22 /* UIImageView+WebCache.m in Sources */,
				FF3454B61ECE7D1800B97E22 /* UIImageView+HighlightedWebCache.m in Sources */,
				FF3454AE1ECE7D1800B97E22 /* SDWebImageDecoder.m in Sources */,
				FF3454AC1ECE7D1800B97E22 /* SDImageCache.m in Sources */,
				FF3454AD1ECE7D1800B97E22 /* SDWebImageCompat.m in Sources */,
				FF3454A21ECE7D1800B97E22 /* MASViewAttribute.m in Sources */,
				FF3454AA1ECE7D1800B97E22 /* README.md in Sources */,
				FF3454B01ECE7D1800B97E22 /* SDWebImageDownloaderOperation.m in Sources */,
				FF34549F1ECE7D1800B97E22 /* MASConstraint.m in Sources */,
				FF3454B81ECE7D1800B97E22 /* UIView+WebCacheOperation.m in Sources */,
				FF3454A01ECE7D1800B97E22 /* MASConstraintMaker.m in Sources */,
			);
			runOnlyForDeploymentPostprocessing = 0;
		};
/* End PBXSourcesBuildPhase section */

/* Begin PBXVariantGroup section */
		FF3454461ECE7CD400B97E22 /* Main.storyboard */ = {
			isa = PBXVariantGroup;
			children = (
				FF3454471ECE7CD400B97E22 /* Base */,
			);
			name = Main.storyboard;
			sourceTree = "<group>";
		};
		FF34544B1ECE7CD400B97E22 /* LaunchScreen.storyboard */ = {
			isa = PBXVariantGroup;
			children = (
				FF34544C1ECE7CD400B97E22 /* Base */,
			);
			name = LaunchScreen.storyboard;
			sourceTree = "<group>";
		};
/* End PBXVariantGroup section */

/* Begin XCBuildConfiguration section */
		FF34544F1ECE7CD400B97E22 /* Debug */ = {
			isa = XCBuildConfiguration;
			buildSettings = {
				ALWAYS_SEARCH_USER_PATHS = NO;
				CLANG_ANALYZER_NONNULL = YES;
				CLANG_ANALYZER_NUMBER_OBJECT_CONVERSION = YES_AGGRESSIVE;
				CLANG_CXX_LANGUAGE_STANDARD = "gnu++0x";
				CLANG_CXX_LIBRARY = "libc++";
				CLANG_ENABLE_MODULES = YES;
				CLANG_ENABLE_OBJC_ARC = YES;
				CLANG_WARN_BOOL_CONVERSION = YES;
				CLANG_WARN_CONSTANT_CONVERSION = YES;
				CLANG_WARN_DIRECT_OBJC_ISA_USAGE = YES_ERROR;
				CLANG_WARN_DOCUMENTATION_COMMENTS = YES;
				CLANG_WARN_EMPTY_BODY = YES;
				CLANG_WARN_ENUM_CONVERSION = YES;
				CLANG_WARN_INFINITE_RECURSION = YES;
				CLANG_WARN_INT_CONVERSION = YES;
				CLANG_WARN_OBJC_ROOT_CLASS = YES_ERROR;
				CLANG_WARN_SUSPICIOUS_MOVE = YES;
				CLANG_WARN_UNREACHABLE_CODE = YES;
				CLANG_WARN__DUPLICATE_METHOD_MATCH = YES;
				"CODE_SIGN_IDENTITY[sdk=iphoneos*]" = "iPhone Developer";
				COPY_PHASE_STRIP = NO;
				DEBUG_INFORMATION_FORMAT = dwarf;
				ENABLE_STRICT_OBJC_MSGSEND = YES;
				ENABLE_TESTABILITY = YES;
				GCC_C_LANGUAGE_STANDARD = gnu99;
				GCC_DYNAMIC_NO_PIC = NO;
				GCC_NO_COMMON_BLOCKS = YES;
				GCC_OPTIMIZATION_LEVEL = 0;
				GCC_PREPROCESSOR_DEFINITIONS = (
					"DEBUG=1",
					"$(inherited)",
				);
				GCC_WARN_64_TO_32_BIT_CONVERSION = YES;
				GCC_WARN_ABOUT_RETURN_TYPE = YES_ERROR;
				GCC_WARN_UNDECLARED_SELECTOR = YES;
				GCC_WARN_UNINITIALIZED_AUTOS = YES_AGGRESSIVE;
				GCC_WARN_UNUSED_FUNCTION = YES;
				GCC_WARN_UNUSED_VARIABLE = YES;
				IPHONEOS_DEPLOYMENT_TARGET = 10.3;
				MTL_ENABLE_DEBUG_INFO = YES;
				ONLY_ACTIVE_ARCH = YES;
				SDKROOT = iphoneos;
				TARGETED_DEVICE_FAMILY = "1,2";
			};
			name = Debug;
		};
		FF3454501ECE7CD400B97E22 /* Release */ = {
			isa = XCBuildConfiguration;
			buildSettings = {
				ALWAYS_SEARCH_USER_PATHS = NO;
				CLANG_ANALYZER_NONNULL = YES;
				CLANG_ANALYZER_NUMBER_OBJECT_CONVERSION = YES_AGGRESSIVE;
				CLANG_CXX_LANGUAGE_STANDARD = "gnu++0x";
				CLANG_CXX_LIBRARY = "libc++";
				CLANG_ENABLE_MODULES = YES;
				CLANG_ENABLE_OBJC_ARC = YES;
				CLANG_WARN_BOOL_CONVERSION = YES;
				CLANG_WARN_CONSTANT_CONVERSION = YES;
				CLANG_WARN_DIRECT_OBJC_ISA_USAGE = YES_ERROR;
				CLANG_WARN_DOCUMENTATION_COMMENTS = YES;
				CLANG_WARN_EMPTY_BODY = YES;
				CLANG_WARN_ENUM_CONVERSION = YES;
				CLANG_WARN_INFINITE_RECURSION = YES;
				CLANG_WARN_INT_CONVERSION = YES;
				CLANG_WARN_OBJC_ROOT_CLASS = YES_ERROR;
				CLANG_WARN_SUSPICIOUS_MOVE = YES;
				CLANG_WARN_UNREACHABLE_CODE = YES;
				CLANG_WARN__DUPLICATE_METHOD_MATCH = YES;
				"CODE_SIGN_IDENTITY[sdk=iphoneos*]" = "iPhone Developer";
				COPY_PHASE_STRIP = NO;
				DEBUG_INFORMATION_FORMAT = "dwarf-with-dsym";
				ENABLE_NS_ASSERTIONS = NO;
				ENABLE_STRICT_OBJC_MSGSEND = YES;
				GCC_C_LANGUAGE_STANDARD = gnu99;
				GCC_NO_COMMON_BLOCKS = YES;
				GCC_WARN_64_TO_32_BIT_CONVERSION = YES;
				GCC_WARN_ABOUT_RETURN_TYPE = YES_ERROR;
				GCC_WARN_UNDECLARED_SELECTOR = YES;
				GCC_WARN_UNINITIALIZED_AUTOS = YES_AGGRESSIVE;
				GCC_WARN_UNUSED_FUNCTION = YES;
				GCC_WARN_UNUSED_VARIABLE = YES;
				IPHONEOS_DEPLOYMENT_TARGET = 10.3;
				MTL_ENABLE_DEBUG_INFO = NO;
				SDKROOT = iphoneos;
				TARGETED_DEVICE_FAMILY = "1,2";
				VALIDATE_PRODUCT = YES;
			};
			name = Release;
		};
		FF3454521ECE7CD400B97E22 /* Debug */ = {
			isa = XCBuildConfiguration;
			buildSettings = {
				ASSETCATALOG_COMPILER_APPICON_NAME = AppIcon;
				INFOPLIST_FILE = RecycleScrollView/Info.plist;
				LD_RUNPATH_SEARCH_PATHS = "$(inherited) @executable_path/Frameworks";
				PRODUCT_BUNDLE_IDENTIFIER = JbWang.RecycleScrollView;
				PRODUCT_NAME = "$(TARGET_NAME)";
			};
			name = Debug;
		};
		FF3454531ECE7CD400B97E22 /* Release */ = {
			isa = XCBuildConfiguration;
			buildSettings = {
				ASSETCATALOG_COMPILER_APPICON_NAME = AppIcon;
				INFOPLIST_FILE = RecycleScrollView/Info.plist;
				LD_RUNPATH_SEARCH_PATHS = "$(inherited) @executable_path/Frameworks";
				PRODUCT_BUNDLE_IDENTIFIER = JbWang.RecycleScrollView;
				PRODUCT_NAME = "$(TARGET_NAME)";
			};
			name = Release;
		};
/* End XCBuildConfiguration section */

/* Begin XCConfigurationList section */
		FF3454351ECE7CD400B97E22 /* Build configuration list for PBXProject "RecycleScrollView" */ = {
			isa = XCConfigurationList;
			buildConfigurations = (
				FF34544F1ECE7CD400B97E22 /* Debug */,
				FF3454501ECE7CD400B97E22 /* Release */,
			);
			defaultConfigurationIsVisible = 0;
			defaultConfigurationName = Release;
		};
		FF3454511ECE7CD400B97E22 /* Build configuration list for PBXNativeTarget "RecycleScrollView" */ = {
			isa = XCConfigurationList;
			buildConfigurations = (
				FF3454521ECE7CD400B97E22 /* Debug */,
				FF3454531ECE7CD400B97E22 /* Release */,
			);
			defaultConfigurationIsVisible = 0;
		};
/* End XCConfigurationList section */
	};
	rootObject = FF3454321ECE7CD400B97E22 /* Project object */;
}
